
Microsoft Visual Studio Solution File, Format Version 12.00
# Visual Studio Version 17
VisualStudioVersion = 17.8.34330.188
MinimumVisualStudioVersion = 10.0.40219.1
Project("{FAE04EC0-301F-11D3-BF4B-00C04F79EFBC}") = "A Todo List App", "A Todo List App.csproj", "{74BBC865-336D-47C9-806F-F381C6120C55}"
EndProject
Global
	GlobalSection(SolutionConfigurationPlatforms) = preSolution
		Debug|Any CPU = Debug|Any CPU
		Release|Any CPU = Release|Any CPU
	EndGlobalSection
	GlobalSection(ProjectConfigurationPlatforms) = postSolution
		{74BBC865-336D-47C9-806F-F381C6120C55}.Debug|Any CPU.ActiveCfg = Debug|Any CPU
		{74BBC865-336D-47C9-806F-F381C6120C55}.Debug|Any CPU.Build.0 = Debug|Any CPU
		{74BBC865-336D-47C9-806F-F381C6120C55}.Release|Any CPU.ActiveCfg = Release|Any CPU
		{74BBC865-336D-47C9-806F-F381C6120C55}.Release|Any CPU.Build.0 = Release|Any CPU
	EndGlobalSection
	GlobalSection(SolutionProperties) = preSolution
		HideSolutionNode = FALSE
	EndGlobalSection
	GlobalSection(ExtensibilityGlobals) = postSolution
		SolutionGuid = {7564E6B3-92F2-4E3C-A49B-A838838E9F97}
	EndGlobalSection
EndGlobal
